{"version":4,"terraform_version":"1.10.7","serial":13,"lineage":"e09a08a5-f791-2e22-9979-12cf60f7d752","outputs":{"control_plane_ips":{"value":{"cp1":"192.168.1.201","cp2":"192.168.1.202","cp3":"192.168.1.203"},"type":["object",{"cp1":"string","cp2":"string","cp3":"string"}]},"worker_ips":{"value":{"worker1":"192.168.1.211","worker2":"192.168.1.212"},"type":["object",{"worker1":"string","worker2":"string"}]}},"resources":[{"mode":"managed","type":"proxmox_virtual_environment_vm","name":"talos_cp","provider":"provider[\"registry.opentofu.org/bpg/proxmox\"]","instances":[{"index_key":"cp1","schema_version":0,"attributes":{"acpi":true,"agent":[{"enabled":true,"timeout":"15m","trim":false,"type":"virtio"}],"audio_device":[],"bios":"seabios","boot_order":["ide2","virtio0","net0"],"cdrom":[],"clone":[],"cpu":[{"affinity":"","architecture":"","cores":2,"flags":null,"hotplugged":0,"limit":0,"numa":false,"sockets":1,"type":"host","units":1024}],"description":"","disk":[{"aio":"io_uring","backup":true,"cache":"none","datastore_id":"local-zfs","discard":"ignore","file_format":"raw","file_id":"","interface":"virtio0","iothread":false,"path_in_datastore":"vm-8001-disk-0","replicate":true,"serial":"","size":20,"speed":[],"ssd":false}],"efi_disk":[],"hook_script_file_id":null,"hostpci":[],"id":"8001","initialization":[{"datastore_id":"local-zfs","dns":[],"interface":"ide0","ip_config":[{"ipv4":[{"address":"192.168.1.201/24","gateway":"192.168.1.1"}],"ipv6":[]}],"meta_data_file_id":"","network_data_file_id":"","type":"","upgrade":false,"user_account":[],"user_data_file_id":"","vendor_data_file_id":""}],"ipv4_addresses":[],"ipv6_addresses":[],"keyboard_layout":"en-us","kvm_arguments":"","mac_addresses":[],"machine":"","memory":[{"dedicated":4096,"floating":0,"hugepages":"","keep_hugepages":false,"shared":0}],"migrate":false,"name":"talos-cp-1","network_device":[{"bridge":"vmbr0","disconnected":false,"enabled":true,"firewall":false,"mac_address":"BC:24:11:F1:01:B3","model":"virtio","mtu":0,"queues":0,"rate_limit":0,"trunks":"","vlan_id":0}],"network_interface_names":[],"node_name":"pve","numa":[],"on_boot":true,"operating_system":[{"type":"l26"}],"pool_id":null,"protection":false,"reboot":false,"scsi_hardware":"virtio-scsi-pci","serial_device":[],"smbios":[],"started":true,"startup":[],"stop_on_destroy":false,"tablet_device":true,"tags":null,"template":false,"timeout_clone":1800,"timeout_create":1800,"timeout_migrate":1800,"timeout_move_disk":1800,"timeout_reboot":1800,"timeout_shutdown_vm":1800,"timeout_start_vm":1800,"timeout_stop_vm":300,"tpm_state":[],"usb":[],"vga":[],"vm_id":8001,"watchdog":[]},"sensitive_attributes":[],"private":"bnVsbA=="},{"index_key":"cp2","schema_version":0,"attributes":{"acpi":true,"agent":[{"enabled":true,"timeout":"15m","trim":false,"type":"virtio"}],"audio_device":[],"bios":"seabios","boot_order":null,"cdrom":[],"clone":[],"cpu":[{"affinity":"","architecture":"","cores":2,"flags":null,"hotplugged":0,"limit":0,"numa":false,"sockets":1,"type":"host","units":1024}],"description":"","disk":[{"aio":"io_uring","backup":true,"cache":"none","datastore_id":"local-zfs","discard":"ignore","file_format":"raw","file_id":"","interface":"virtio0","iothread":false,"path_in_datastore":"vm-8002-disk-0","replicate":true,"serial":"","size":20,"speed":[],"ssd":false}],"efi_disk":[],"hook_script_file_id":null,"hostpci":[],"id":"8002","initialization":[{"datastore_id":"local-zfs","dns":[],"interface":"ide2","ip_config":[{"ipv4":[{"address":"192.168.1.202/24","gateway":"192.168.1.1"}],"ipv6":[]}],"meta_data_file_id":"","network_data_file_id":"","type":"","upgrade":false,"user_account":[],"user_data_file_id":"","vendor_data_file_id":""}],"ipv4_addresses":[],"ipv6_addresses":[],"keyboard_layout":"en-us","kvm_arguments":"","mac_addresses":[],"machine":"","memory":[{"dedicated":4096,"floating":0,"hugepages":"","keep_hugepages":false,"shared":0}],"migrate":false,"name":"talos-cp-2","network_device":[{"bridge":"vmbr0","disconnected":false,"enabled":true,"firewall":false,"mac_address":"BC:24:11:72:75:7D","model":"virtio","mtu":0,"queues":0,"rate_limit":0,"trunks":"","vlan_id":0}],"network_interface_names":[],"node_name":"pve2","numa":[],"on_boot":true,"operating_system":[{"type":"l26"}],"pool_id":null,"protection":false,"reboot":false,"scsi_hardware":"virtio-scsi-pci","serial_device":[],"smbios":[],"started":true,"startup":[],"stop_on_destroy":false,"tablet_device":true,"tags":null,"template":false,"timeout_clone":1800,"timeout_create":1800,"timeout_migrate":1800,"timeout_move_disk":1800,"timeout_reboot":1800,"timeout_shutdown_vm":1800,"timeout_start_vm":1800,"timeout_stop_vm":300,"tpm_state":[],"usb":[],"vga":[],"vm_id":8002,"watchdog":[]},"sensitive_attributes":[],"private":"bnVsbA=="},{"index_key":"cp3","schema_version":0,"attributes":{"acpi":true,"agent":[{"enabled":true,"timeout":"15m","trim":false,"type":"virtio"}],"audio_device":[],"bios":"seabios","boot_order":null,"cdrom":[],"clone":[],"cpu":[{"affinity":"","architecture":"","cores":2,"flags":null,"hotplugged":0,"limit":0,"numa":false,"sockets":1,"type":"host","units":1024}],"description":"","disk":[{"aio":"io_uring","backup":true,"cache":"none","datastore_id":"local-zfs","discard":"ignore","file_format":"raw","file_id":"","interface":"virtio0","iothread":false,"path_in_datastore":"vm-8003-disk-0","replicate":true,"serial":"","size":20,"speed":[],"ssd":false}],"efi_disk":[],"hook_script_file_id":null,"hostpci":[],"id":"8003","initialization":[{"datastore_id":"local-zfs","dns":[],"interface":"ide2","ip_config":[{"ipv4":[{"address":"192.168.1.203/24","gateway":"192.168.1.1"}],"ipv6":[]}],"meta_data_file_id":"","network_data_file_id":"","type":"","upgrade":false,"user_account":[],"user_data_file_id":"","vendor_data_file_id":""}],"ipv4_addresses":[],"ipv6_addresses":[],"keyboard_layout":"en-us","kvm_arguments":"","mac_addresses":[],"machine":"","memory":[{"dedicated":4096,"floating":0,"hugepages":"","keep_hugepages":false,"shared":0}],"migrate":false,"name":"talos-cp-3","network_device":[{"bridge":"vmbr0","disconnected":false,"enabled":true,"firewall":false,"mac_address":"BC:24:11:FE:54:85","model":"virtio","mtu":0,"queues":0,"rate_limit":0,"trunks":"","vlan_id":0}],"network_interface_names":[],"node_name":"pve3","numa":[],"on_boot":true,"operating_system":[{"type":"l26"}],"pool_id":null,"protection":false,"reboot":false,"scsi_hardware":"virtio-scsi-pci","serial_device":[],"smbios":[],"started":true,"startup":[],"stop_on_destroy":false,"tablet_device":true,"tags":null,"template":false,"timeout_clone":1800,"timeout_create":1800,"timeout_migrate":1800,"timeout_move_disk":1800,"timeout_reboot":1800,"timeout_shutdown_vm":1800,"timeout_start_vm":1800,"timeout_stop_vm":300,"tpm_state":[],"usb":[],"vga":[],"vm_id":8003,"watchdog":[]},"sensitive_attributes":[],"private":"bnVsbA=="}]},{"mode":"managed","type":"proxmox_virtual_environment_vm","name":"talos_worker","provider":"provider[\"registry.opentofu.org/bpg/proxmox\"]","instances":[{"index_key":"worker1","schema_version":0,"attributes":{"acpi":true,"agent":[{"enabled":true,"timeout":"15m","trim":false,"type":"virtio"}],"audio_device":[],"bios":"seabios","boot_order":null,"cdrom":[],"clone":[],"cpu":[{"affinity":"","architecture":"","cores":8,"flags":null,"hotplugged":0,"limit":0,"numa":false,"sockets":1,"type":"host","units":1024}],"description":"","disk":[{"aio":"io_uring","backup":true,"cache":"none","datastore_id":"local-zfs","discard":"ignore","file_format":"raw","file_id":"","interface":"virtio0","iothread":false,"path_in_datastore":"vm-8101-disk-0","replicate":true,"serial":"","size":40,"speed":[],"ssd":false}],"efi_disk":[],"hook_script_file_id":null,"hostpci":[],"id":"8101","initialization":[{"datastore_id":"local-zfs","dns":[],"interface":"ide2","ip_config":[{"ipv4":[{"address":"192.168.1.211/24","gateway":"192.168.1.1"}],"ipv6":[]}],"meta_data_file_id":"","network_data_file_id":"","type":"","upgrade":false,"user_account":[],"user_data_file_id":"","vendor_data_file_id":""}],"ipv4_addresses":[],"ipv6_addresses":[],"keyboard_layout":"en-us","kvm_arguments":"","mac_addresses":[],"machine":"","memory":[{"dedicated":32768,"floating":0,"hugepages":"","keep_hugepages":false,"shared":0}],"migrate":false,"name":"talos-worker-1","network_device":[{"bridge":"vmbr0","disconnected":false,"enabled":true,"firewall":false,"mac_address":"BC:24:11:99:C5:0B","model":"virtio","mtu":0,"queues":0,"rate_limit":0,"trunks":"","vlan_id":0}],"network_interface_names":[],"node_name":"pve","numa":[],"on_boot":true,"operating_system":[{"type":"l26"}],"pool_id":null,"protection":false,"reboot":false,"scsi_hardware":"virtio-scsi-pci","serial_device":[],"smbios":[],"started":true,"startup":[],"stop_on_destroy":false,"tablet_device":true,"tags":null,"template":false,"timeout_clone":1800,"timeout_create":1800,"timeout_migrate":1800,"timeout_move_disk":1800,"timeout_reboot":1800,"timeout_shutdown_vm":1800,"timeout_start_vm":1800,"timeout_stop_vm":300,"tpm_state":[],"usb":[],"vga":[],"vm_id":8101,"watchdog":[]},"sensitive_attributes":[],"private":"bnVsbA=="},{"index_key":"worker2","schema_version":0,"attributes":{"acpi":true,"agent":[{"enabled":true,"timeout":"15m","trim":false,"type":"virtio"}],"audio_device":[],"bios":"seabios","boot_order":null,"cdrom":[],"clone":[],"cpu":[{"affinity":"","architecture":"","cores":3,"flags":null,"hotplugged":0,"limit":0,"numa":false,"sockets":1,"type":"host","units":1024}],"description":"","disk":[{"aio":"io_uring","backup":true,"cache":"none","datastore_id":"local-zfs","discard":"ignore","file_format":"raw","file_id":"","interface":"virtio0","iothread":false,"path_in_datastore":"vm-8102-disk-0","replicate":true,"serial":"","size":40,"speed":[],"ssd":false}],"efi_disk":[],"hook_script_file_id":null,"hostpci":[],"id":"8102","initialization":[{"datastore_id":"local-zfs","dns":[],"interface":"ide2","ip_config":[{"ipv4":[{"address":"192.168.1.212/24","gateway":"192.168.1.1"}],"ipv6":[]}],"meta_data_file_id":"","network_data_file_id":"","type":"","upgrade":false,"user_account":[],"user_data_file_id":"","vendor_data_file_id":""}],"ipv4_addresses":[],"ipv6_addresses":[],"keyboard_layout":"en-us","kvm_arguments":"","mac_addresses":[],"machine":"","memory":[{"dedicated":10240,"floating":0,"hugepages":"","keep_hugepages":false,"shared":0}],"migrate":false,"name":"talos-worker-2","network_device":[{"bridge":"vmbr0","disconnected":false,"enabled":true,"firewall":false,"mac_address":"BC:24:11:92:B5:E3","model":"virtio","mtu":0,"queues":0,"rate_limit":0,"trunks":"","vlan_id":0}],"network_interface_names":[],"node_name":"pve2","numa":[],"on_boot":true,"operating_system":[{"type":"l26"}],"pool_id":null,"protection":false,"reboot":false,"scsi_hardware":"virtio-scsi-pci","serial_device":[],"smbios":[],"started":true,"startup":[],"stop_on_destroy":false,"tablet_device":true,"tags":null,"template":false,"timeout_clone":1800,"timeout_create":1800,"timeout_migrate":1800,"timeout_move_disk":1800,"timeout_reboot":1800,"timeout_shutdown_vm":1800,"timeout_start_vm":1800,"timeout_stop_vm":300,"tpm_state":[],"usb":[],"vga":[],"vm_id":8102,"watchdog":[]},"sensitive_attributes":[],"private":"bnVsbA=="}]}],"check_results":null}
